
Microsoft Visual Studio Solution File, Format Version 12.00
# Visual Studio Version 17
VisualStudioVersion = 17.1.32319.34
MinimumVisualStudioVersion = 10.0.40219.1
Project("{FAE04EC0-301F-11D3-BF4B-00C04F79EFBC}") = "Event Management System", "Event Management System\Event Management System.csproj", "{F3631D1D-B162-4359-BBF8-2A4D5F942E08}"
EndProject
Global
	GlobalSection(SolutionConfigurationPlatforms) = preSolution
		Debug|Any CPU = Debug|Any CPU
		Release|Any CPU = Release|Any CPU
	EndGlobalSection
	GlobalSection(ProjectConfigurationPlatforms) = postSolution
		{F3631D1D-B162-4359-BBF8-2A4D5F942E08}.Debug|Any CPU.ActiveCfg = Debug|Any CPU
		{F3631D1D-B162-4359-BBF8-2A4D5F942E08}.Debug|Any CPU.Build.0 = Debug|Any CPU
		{F3631D1D-B162-4359-BBF8-2A4D5F942E08}.Release|Any CPU.ActiveCfg = Release|Any CPU
		{F3631D1D-B162-4359-BBF8-2A4D5F942E08}.Release|Any CPU.Build.0 = Release|Any CPU
	EndGlobalSection
	GlobalSection(SolutionProperties) = preSolution
		HideSolutionNode = FALSE
	EndGlobalSection
	GlobalSection(ExtensibilityGlobals) = postSolution
		SolutionGuid = {BAEC0CB3-BD93-4BD4-8B03-0069BBAFF0C8}
	EndGlobalSection
EndGlobal
